
Microsoft Visual Studio Solution File, Format Version 11.00
# Visual Studio 2010
# SharpDevelop 5.1
Project("{2150E333-8FDC-42A3-9474-1A3956D46DE8}") = "1 - Apresentacao", "1 - Apresentacao", "{82215FC7-95C9-4310-AAD9-59CB6E7E16E6}"
EndProject
Project("{FAE04EC0-301F-11D3-BF4B-00C04F79EFBC}") = "MORM.Tests", "MORM.Tests\MORM.Tests.csproj", "{40D0D4E0-0EFC-471F-9F28-37910B1BBE64}"
EndProject
Project("{2150E333-8FDC-42A3-9474-1A3956D46DE8}") = "2 - Aplicacao", "2 - Aplicacao", "{3873DDA2-7603-4D4C-ADBA-6C3E0C6DC5B4}"
EndProject
Project("{2150E333-8FDC-42A3-9474-1A3956D46DE8}") = "3 - Servico", "3 - Servico", "{2FB84905-E2FD-4021-9AC1-1112668883B0}"
EndProject
Project("{2150E333-8FDC-42A3-9474-1A3956D46DE8}") = "4 - Repositorio", "4 - Repositorio", "{397F0965-B64F-40C7-9B3E-9A9D73FAEAB0}"
EndProject
Project("{FAE04EC0-301F-11D3-BF4B-00C04F79EFBC}") = "MORM.Data", "MORM.Data\MORM.Data.csproj", "{065554C3-207F-47D8-97C1-1AC5202ECB22}"
EndProject
Project("{2150E333-8FDC-42A3-9474-1A3956D46DE8}") = "5 - Dominio", "5 - Dominio", "{08ADAB97-F67D-441E-8BE8-6C6F07EEBAE3}"
EndProject
Project("{FAE04EC0-301F-11D3-BF4B-00C04F79EFBC}") = "MORM.Dominio", "MORM.Dominio\MORM.Dominio.csproj", "{714B8337-E1C4-4A3E-A998-4B75C152DEF3}"
EndProject
Project("{FAE04EC0-301F-11D3-BF4B-00C04F79EFBC}") = "MORM.Util", "MORM.Util\MORM.Util.csproj", "{346BED24-2DD1-4E58-939A-D72311C257F9}"
EndProject
Global
	GlobalSection(SolutionConfigurationPlatforms) = preSolution
		Debug|Any CPU = Debug|Any CPU
		Release|Any CPU = Release|Any CPU
	EndGlobalSection
	GlobalSection(ProjectConfigurationPlatforms) = postSolution
		{40D0D4E0-0EFC-471F-9F28-37910B1BBE64}.Debug|Any CPU.ActiveCfg = Debug|Any CPU
		{40D0D4E0-0EFC-471F-9F28-37910B1BBE64}.Debug|Any CPU.Build.0 = Debug|Any CPU
		{40D0D4E0-0EFC-471F-9F28-37910B1BBE64}.Release|Any CPU.ActiveCfg = Release|Any CPU
		{40D0D4E0-0EFC-471F-9F28-37910B1BBE64}.Release|Any CPU.Build.0 = Release|Any CPU
		{065554C3-207F-47D8-97C1-1AC5202ECB22}.Debug|Any CPU.ActiveCfg = Debug|Any CPU
		{065554C3-207F-47D8-97C1-1AC5202ECB22}.Debug|Any CPU.Build.0 = Debug|Any CPU
		{065554C3-207F-47D8-97C1-1AC5202ECB22}.Release|Any CPU.ActiveCfg = Release|Any CPU
		{065554C3-207F-47D8-97C1-1AC5202ECB22}.Release|Any CPU.Build.0 = Release|Any CPU
		{714B8337-E1C4-4A3E-A998-4B75C152DEF3}.Debug|Any CPU.ActiveCfg = Debug|Any CPU
		{714B8337-E1C4-4A3E-A998-4B75C152DEF3}.Debug|Any CPU.Build.0 = Debug|Any CPU
		{714B8337-E1C4-4A3E-A998-4B75C152DEF3}.Release|Any CPU.ActiveCfg = Release|Any CPU
		{714B8337-E1C4-4A3E-A998-4B75C152DEF3}.Release|Any CPU.Build.0 = Release|Any CPU
		{346BED24-2DD1-4E58-939A-D72311C257F9}.Debug|Any CPU.ActiveCfg = Debug|Any CPU
		{346BED24-2DD1-4E58-939A-D72311C257F9}.Debug|Any CPU.Build.0 = Debug|Any CPU
		{346BED24-2DD1-4E58-939A-D72311C257F9}.Release|Any CPU.ActiveCfg = Release|Any CPU
		{346BED24-2DD1-4E58-939A-D72311C257F9}.Release|Any CPU.Build.0 = Release|Any CPU
	EndGlobalSection
	GlobalSection(NestedProjects) = preSolution
		{40D0D4E0-0EFC-471F-9F28-37910B1BBE64} = {82215FC7-95C9-4310-AAD9-59CB6E7E16E6}
		{065554C3-207F-47D8-97C1-1AC5202ECB22} = {397F0965-B64F-40C7-9B3E-9A9D73FAEAB0}
		{714B8337-E1C4-4A3E-A998-4B75C152DEF3} = {08ADAB97-F67D-441E-8BE8-6C6F07EEBAE3}
		{346BED24-2DD1-4E58-939A-D72311C257F9} = {08ADAB97-F67D-441E-8BE8-6C6F07EEBAE3}
	EndGlobalSection
EndGlobal
