
Microsoft Visual Studio Solution File, Format Version 12.00
# Visual Studio 15
VisualStudioVersion = 15.0.27130.0
MinimumVisualStudioVersion = 10.0.40219.1
Project("{FAE04EC0-301F-11D3-BF4B-00C04F79EFBC}") = "MORM.Repositorio", "MORM.Repositorio\MORM.Repositorio.csproj", "{065554C3-207F-47D8-97C1-1AC5202ECB22}"
EndProject
Project("{FAE04EC0-301F-11D3-BF4B-00C04F79EFBC}") = "MORM.Utils", "MORM.Utils\MORM.Utils.csproj", "{346BED24-2DD1-4E58-939A-D72311C257F9}"
EndProject
Project("{FAE04EC0-301F-11D3-BF4B-00C04F79EFBC}") = "MORM.Repositorio.Tests", "MORM.Repositorio.Tests\MORM.Repositorio.Tests.csproj", "{1D66CF44-F21A-4FAB-9AA7-BB8CE1AC884F}"
EndProject
Project("{FAE04EC0-301F-11D3-BF4B-00C04F79EFBC}") = "MORM.Repositorio.Oracle", "MORM.Repositorio.Oracle\MORM.Repositorio.Oracle.csproj", "{10FE132F-BD5C-493E-8F47-5A1D27B2BDE9}"
EndProject
Project("{FAE04EC0-301F-11D3-BF4B-00C04F79EFBC}") = "MORM.Repositorio.Firebird", "MORM.Repositorio.Firebird\MORM.Repositorio.Firebird.csproj", "{BAE2603C-79CB-4631-B069-0D3FE5E0BD16}"
EndProject
Project("{FAE04EC0-301F-11D3-BF4B-00C04F79EFBC}") = "MORM.Repositorio.MySql", "MORM.Repositorio.MySql\MORM.Repositorio.MySql.csproj", "{FBBDC5F2-8FE4-4DDD-BBE0-64C12CB0A3EE}"
EndProject
Project("{FAE04EC0-301F-11D3-BF4B-00C04F79EFBC}") = "MORM.Repositorio.SqLite", "MORM.Repositorio.SqLite\MORM.Repositorio.SqLite.csproj", "{0342CF32-A2FC-4E32-A198-1960CB4F50BF}"
EndProject
Project("{FAE04EC0-301F-11D3-BF4B-00C04F79EFBC}") = "MORM.Repositorio.SqlServer", "MORM.Repositorio.SqlServer\MORM.Repositorio.SqlServer.csproj", "{4D61F5A5-53DC-4053-B980-47CF765101DC}"
EndProject
Project("{FAE04EC0-301F-11D3-BF4B-00C04F79EFBC}") = "MORM.Aplicacao", "MORM.Aplicacao\MORM.Aplicacao.csproj", "{46BFB76E-FD5D-4BEC-B486-01C6190CC5A9}"
EndProject
Project("{2150E333-8FDC-42A3-9474-1A3956D46DE8}") = "7 - Tests", "7 - Tests", "{DCB0420D-F327-4C25-BACB-636F9BACEEF3}"
EndProject
Project("{2150E333-8FDC-42A3-9474-1A3956D46DE8}") = "2 - Aplicacao", "2 - Aplicacao", "{05149DE7-F7B6-4C3F-973C-10DA9428A3B6}"
EndProject
Project("{2150E333-8FDC-42A3-9474-1A3956D46DE8}") = "6 - Docs", "6 - Docs", "{F5E88E2B-A22C-4114-9532-DC42CDA2D29B}"
EndProject
Project("{FAE04EC0-301F-11D3-BF4B-00C04F79EFBC}") = "MORM.GeradorDoc", "MORM.GeradorDoc\MORM.GeradorDoc.csproj", "{3322602D-6E07-4F3E-8719-70BE266BE33E}"
EndProject
Project("{FAE04EC0-301F-11D3-BF4B-00C04F79EFBC}") = "MORM.Repositorio.PostgreSql", "MORM.Repositorio.PostgreSql\MORM.Repositorio.PostgreSql.csproj", "{3B10E962-2F22-4944-99A5-C824955840C8}"
EndProject
Project("{FAE04EC0-301F-11D3-BF4B-00C04F79EFBC}") = "MORM.Apresentacao", "MORM.Apresentacao\MORM.Apresentacao.csproj", "{A63D5A1F-AF1F-40B7-9061-4AA11BFDF095}"
EndProject
Project("{FAE04EC0-301F-11D3-BF4B-00C04F79EFBC}") = "MORM.Repositorio.Dapper", "MORM.Repositorio.Dapper\MORM.Repositorio.Dapper.csproj", "{5E88B144-F434-4FD5-B57F-DAC8A19FAF59}"
EndProject
Project("{2150E333-8FDC-42A3-9474-1A3956D46DE8}") = "1 - Apresentacao", "1 - Apresentacao", "{0FA9A060-1BC8-4F03-8C14-A9A5223CE12A}"
EndProject
Project("{FAE04EC0-301F-11D3-BF4B-00C04F79EFBC}") = "MORM.WebApi", "MORM.WebApi\MORM.WebApi.csproj", "{D2BC10E8-6805-4944-B7E2-401B59758F0C}"
EndProject
Project("{2150E333-8FDC-42A3-9474-1A3956D46DE8}") = "3 - Servico", "3 - Servico", "{132F8040-115E-418B-879E-387737453076}"
EndProject
Project("{2150E333-8FDC-42A3-9474-1A3956D46DE8}") = "4 - Repositorio", "4 - Repositorio", "{5F20C8A9-9359-43FD-8FFD-45D04E94AA06}"
EndProject
Project("{2150E333-8FDC-42A3-9474-1A3956D46DE8}") = "5 - Dominio", "5 - Dominio", "{782AD59F-1930-45F7-9DA1-26742B2F0AA4}"
EndProject
Project("{FAE04EC0-301F-11D3-BF4B-00C04F79EFBC}") = "MORM.Servico", "MORM.Servico\MORM.Servico.csproj", "{BB6FE2A7-2F85-47EB-BEA8-AEBEEFD0D4BE}"
EndProject
Project("{FAE04EC0-301F-11D3-BF4B-00C04F79EFBC}") = "MORM.Dominio", "MORM.Dominio\MORM.Dominio.csproj", "{C22C745B-1538-405F-A9CE-29576C708B9E}"
EndProject
Project("{FAE04EC0-301F-11D3-BF4B-00C04F79EFBC}") = "MORM.Dtos", "MORM.Dtos\MORM.Dtos.csproj", "{C4E38812-95D9-4363-AAE8-D8505E9E141F}"
EndProject
Project("{FAE04EC0-301F-11D3-BF4B-00C04F79EFBC}") = "MORM.Enums", "MORM.Enums\MORM.Enums.csproj", "{96D3FCF8-C8D7-4FD1-88E8-D112B2494F21}"
EndProject
Project("{FAE04EC0-301F-11D3-BF4B-00C04F79EFBC}") = "MORM.RunWebApi", "MORM.RunWebApi\MORM.RunWebApi.csproj", "{5E856ABC-68B4-4B02-9EB2-B0EB328F66DF}"
EndProject
Project("{FAE04EC0-301F-11D3-BF4B-00C04F79EFBC}") = "MORM.WSist", "MORM.WSist\MORM.WSist.csproj", "{390C1851-2253-443C-B6A2-3BEF184B6D25}"
EndProject
Global
	GlobalSection(SolutionConfigurationPlatforms) = preSolution
		Debug|Any CPU = Debug|Any CPU
		Release|Any CPU = Release|Any CPU
	EndGlobalSection
	GlobalSection(ProjectConfigurationPlatforms) = postSolution
		{065554C3-207F-47D8-97C1-1AC5202ECB22}.Debug|Any CPU.ActiveCfg = Debug|Any CPU
		{065554C3-207F-47D8-97C1-1AC5202ECB22}.Debug|Any CPU.Build.0 = Debug|Any CPU
		{065554C3-207F-47D8-97C1-1AC5202ECB22}.Release|Any CPU.ActiveCfg = Release|Any CPU
		{065554C3-207F-47D8-97C1-1AC5202ECB22}.Release|Any CPU.Build.0 = Release|Any CPU
		{346BED24-2DD1-4E58-939A-D72311C257F9}.Debug|Any CPU.ActiveCfg = Debug|Any CPU
		{346BED24-2DD1-4E58-939A-D72311C257F9}.Debug|Any CPU.Build.0 = Debug|Any CPU
		{346BED24-2DD1-4E58-939A-D72311C257F9}.Release|Any CPU.ActiveCfg = Release|Any CPU
		{346BED24-2DD1-4E58-939A-D72311C257F9}.Release|Any CPU.Build.0 = Release|Any CPU
		{1D66CF44-F21A-4FAB-9AA7-BB8CE1AC884F}.Debug|Any CPU.ActiveCfg = Debug|Any CPU
		{1D66CF44-F21A-4FAB-9AA7-BB8CE1AC884F}.Debug|Any CPU.Build.0 = Debug|Any CPU
		{1D66CF44-F21A-4FAB-9AA7-BB8CE1AC884F}.Release|Any CPU.ActiveCfg = Release|Any CPU
		{1D66CF44-F21A-4FAB-9AA7-BB8CE1AC884F}.Release|Any CPU.Build.0 = Release|Any CPU
		{10FE132F-BD5C-493E-8F47-5A1D27B2BDE9}.Debug|Any CPU.ActiveCfg = Debug|Any CPU
		{10FE132F-BD5C-493E-8F47-5A1D27B2BDE9}.Debug|Any CPU.Build.0 = Debug|Any CPU
		{10FE132F-BD5C-493E-8F47-5A1D27B2BDE9}.Release|Any CPU.ActiveCfg = Release|Any CPU
		{10FE132F-BD5C-493E-8F47-5A1D27B2BDE9}.Release|Any CPU.Build.0 = Release|Any CPU
		{BAE2603C-79CB-4631-B069-0D3FE5E0BD16}.Debug|Any CPU.ActiveCfg = Debug|Any CPU
		{BAE2603C-79CB-4631-B069-0D3FE5E0BD16}.Debug|Any CPU.Build.0 = Debug|Any CPU
		{BAE2603C-79CB-4631-B069-0D3FE5E0BD16}.Release|Any CPU.ActiveCfg = Release|Any CPU
		{BAE2603C-79CB-4631-B069-0D3FE5E0BD16}.Release|Any CPU.Build.0 = Release|Any CPU
		{FBBDC5F2-8FE4-4DDD-BBE0-64C12CB0A3EE}.Debug|Any CPU.ActiveCfg = Debug|Any CPU
		{FBBDC5F2-8FE4-4DDD-BBE0-64C12CB0A3EE}.Debug|Any CPU.Build.0 = Debug|Any CPU
		{FBBDC5F2-8FE4-4DDD-BBE0-64C12CB0A3EE}.Release|Any CPU.ActiveCfg = Release|Any CPU
		{FBBDC5F2-8FE4-4DDD-BBE0-64C12CB0A3EE}.Release|Any CPU.Build.0 = Release|Any CPU
		{0342CF32-A2FC-4E32-A198-1960CB4F50BF}.Debug|Any CPU.ActiveCfg = Debug|Any CPU
		{0342CF32-A2FC-4E32-A198-1960CB4F50BF}.Debug|Any CPU.Build.0 = Debug|Any CPU
		{0342CF32-A2FC-4E32-A198-1960CB4F50BF}.Release|Any CPU.ActiveCfg = Release|Any CPU
		{0342CF32-A2FC-4E32-A198-1960CB4F50BF}.Release|Any CPU.Build.0 = Release|Any CPU
		{4D61F5A5-53DC-4053-B980-47CF765101DC}.Debug|Any CPU.ActiveCfg = Debug|Any CPU
		{4D61F5A5-53DC-4053-B980-47CF765101DC}.Debug|Any CPU.Build.0 = Debug|Any CPU
		{4D61F5A5-53DC-4053-B980-47CF765101DC}.Release|Any CPU.ActiveCfg = Release|Any CPU
		{4D61F5A5-53DC-4053-B980-47CF765101DC}.Release|Any CPU.Build.0 = Release|Any CPU
		{46BFB76E-FD5D-4BEC-B486-01C6190CC5A9}.Debug|Any CPU.ActiveCfg = Debug|Any CPU
		{46BFB76E-FD5D-4BEC-B486-01C6190CC5A9}.Debug|Any CPU.Build.0 = Debug|Any CPU
		{46BFB76E-FD5D-4BEC-B486-01C6190CC5A9}.Release|Any CPU.ActiveCfg = Release|Any CPU
		{46BFB76E-FD5D-4BEC-B486-01C6190CC5A9}.Release|Any CPU.Build.0 = Release|Any CPU
		{3322602D-6E07-4F3E-8719-70BE266BE33E}.Debug|Any CPU.ActiveCfg = Debug|Any CPU
		{3322602D-6E07-4F3E-8719-70BE266BE33E}.Debug|Any CPU.Build.0 = Debug|Any CPU
		{3322602D-6E07-4F3E-8719-70BE266BE33E}.Release|Any CPU.ActiveCfg = Release|Any CPU
		{3322602D-6E07-4F3E-8719-70BE266BE33E}.Release|Any CPU.Build.0 = Release|Any CPU
		{3B10E962-2F22-4944-99A5-C824955840C8}.Debug|Any CPU.ActiveCfg = Debug|Any CPU
		{3B10E962-2F22-4944-99A5-C824955840C8}.Debug|Any CPU.Build.0 = Debug|Any CPU
		{3B10E962-2F22-4944-99A5-C824955840C8}.Release|Any CPU.ActiveCfg = Release|Any CPU
		{3B10E962-2F22-4944-99A5-C824955840C8}.Release|Any CPU.Build.0 = Release|Any CPU
		{A63D5A1F-AF1F-40B7-9061-4AA11BFDF095}.Debug|Any CPU.ActiveCfg = Debug|Any CPU
		{A63D5A1F-AF1F-40B7-9061-4AA11BFDF095}.Debug|Any CPU.Build.0 = Debug|Any CPU
		{A63D5A1F-AF1F-40B7-9061-4AA11BFDF095}.Release|Any CPU.ActiveCfg = Release|Any CPU
		{A63D5A1F-AF1F-40B7-9061-4AA11BFDF095}.Release|Any CPU.Build.0 = Release|Any CPU
		{5E88B144-F434-4FD5-B57F-DAC8A19FAF59}.Debug|Any CPU.ActiveCfg = Debug|Any CPU
		{5E88B144-F434-4FD5-B57F-DAC8A19FAF59}.Debug|Any CPU.Build.0 = Debug|Any CPU
		{5E88B144-F434-4FD5-B57F-DAC8A19FAF59}.Release|Any CPU.ActiveCfg = Release|Any CPU
		{5E88B144-F434-4FD5-B57F-DAC8A19FAF59}.Release|Any CPU.Build.0 = Release|Any CPU
		{D2BC10E8-6805-4944-B7E2-401B59758F0C}.Debug|Any CPU.ActiveCfg = Debug|Any CPU
		{D2BC10E8-6805-4944-B7E2-401B59758F0C}.Debug|Any CPU.Build.0 = Debug|Any CPU
		{D2BC10E8-6805-4944-B7E2-401B59758F0C}.Release|Any CPU.ActiveCfg = Release|Any CPU
		{D2BC10E8-6805-4944-B7E2-401B59758F0C}.Release|Any CPU.Build.0 = Release|Any CPU
		{BB6FE2A7-2F85-47EB-BEA8-AEBEEFD0D4BE}.Debug|Any CPU.ActiveCfg = Debug|Any CPU
		{BB6FE2A7-2F85-47EB-BEA8-AEBEEFD0D4BE}.Debug|Any CPU.Build.0 = Debug|Any CPU
		{BB6FE2A7-2F85-47EB-BEA8-AEBEEFD0D4BE}.Release|Any CPU.ActiveCfg = Release|Any CPU
		{BB6FE2A7-2F85-47EB-BEA8-AEBEEFD0D4BE}.Release|Any CPU.Build.0 = Release|Any CPU
		{C22C745B-1538-405F-A9CE-29576C708B9E}.Debug|Any CPU.ActiveCfg = Debug|Any CPU
		{C22C745B-1538-405F-A9CE-29576C708B9E}.Debug|Any CPU.Build.0 = Debug|Any CPU
		{C22C745B-1538-405F-A9CE-29576C708B9E}.Release|Any CPU.ActiveCfg = Release|Any CPU
		{C22C745B-1538-405F-A9CE-29576C708B9E}.Release|Any CPU.Build.0 = Release|Any CPU
		{C4E38812-95D9-4363-AAE8-D8505E9E141F}.Debug|Any CPU.ActiveCfg = Debug|Any CPU
		{C4E38812-95D9-4363-AAE8-D8505E9E141F}.Debug|Any CPU.Build.0 = Debug|Any CPU
		{C4E38812-95D9-4363-AAE8-D8505E9E141F}.Release|Any CPU.ActiveCfg = Release|Any CPU
		{C4E38812-95D9-4363-AAE8-D8505E9E141F}.Release|Any CPU.Build.0 = Release|Any CPU
		{96D3FCF8-C8D7-4FD1-88E8-D112B2494F21}.Debug|Any CPU.ActiveCfg = Debug|Any CPU
		{96D3FCF8-C8D7-4FD1-88E8-D112B2494F21}.Debug|Any CPU.Build.0 = Debug|Any CPU
		{96D3FCF8-C8D7-4FD1-88E8-D112B2494F21}.Release|Any CPU.ActiveCfg = Release|Any CPU
		{96D3FCF8-C8D7-4FD1-88E8-D112B2494F21}.Release|Any CPU.Build.0 = Release|Any CPU
		{5E856ABC-68B4-4B02-9EB2-B0EB328F66DF}.Debug|Any CPU.ActiveCfg = Debug|Any CPU
		{5E856ABC-68B4-4B02-9EB2-B0EB328F66DF}.Debug|Any CPU.Build.0 = Debug|Any CPU
		{5E856ABC-68B4-4B02-9EB2-B0EB328F66DF}.Release|Any CPU.ActiveCfg = Release|Any CPU
		{5E856ABC-68B4-4B02-9EB2-B0EB328F66DF}.Release|Any CPU.Build.0 = Release|Any CPU
		{390C1851-2253-443C-B6A2-3BEF184B6D25}.Debug|Any CPU.ActiveCfg = Debug|Any CPU
		{390C1851-2253-443C-B6A2-3BEF184B6D25}.Debug|Any CPU.Build.0 = Debug|Any CPU
		{390C1851-2253-443C-B6A2-3BEF184B6D25}.Release|Any CPU.ActiveCfg = Release|Any CPU
		{390C1851-2253-443C-B6A2-3BEF184B6D25}.Release|Any CPU.Build.0 = Release|Any CPU
	EndGlobalSection
	GlobalSection(SolutionProperties) = preSolution
		HideSolutionNode = FALSE
	EndGlobalSection
	GlobalSection(NestedProjects) = preSolution
		{065554C3-207F-47D8-97C1-1AC5202ECB22} = {5F20C8A9-9359-43FD-8FFD-45D04E94AA06}
		{346BED24-2DD1-4E58-939A-D72311C257F9} = {782AD59F-1930-45F7-9DA1-26742B2F0AA4}
		{1D66CF44-F21A-4FAB-9AA7-BB8CE1AC884F} = {DCB0420D-F327-4C25-BACB-636F9BACEEF3}
		{10FE132F-BD5C-493E-8F47-5A1D27B2BDE9} = {5F20C8A9-9359-43FD-8FFD-45D04E94AA06}
		{BAE2603C-79CB-4631-B069-0D3FE5E0BD16} = {5F20C8A9-9359-43FD-8FFD-45D04E94AA06}
		{FBBDC5F2-8FE4-4DDD-BBE0-64C12CB0A3EE} = {5F20C8A9-9359-43FD-8FFD-45D04E94AA06}
		{0342CF32-A2FC-4E32-A198-1960CB4F50BF} = {5F20C8A9-9359-43FD-8FFD-45D04E94AA06}
		{4D61F5A5-53DC-4053-B980-47CF765101DC} = {5F20C8A9-9359-43FD-8FFD-45D04E94AA06}
		{46BFB76E-FD5D-4BEC-B486-01C6190CC5A9} = {05149DE7-F7B6-4C3F-973C-10DA9428A3B6}
		{3322602D-6E07-4F3E-8719-70BE266BE33E} = {F5E88E2B-A22C-4114-9532-DC42CDA2D29B}
		{3B10E962-2F22-4944-99A5-C824955840C8} = {5F20C8A9-9359-43FD-8FFD-45D04E94AA06}
		{A63D5A1F-AF1F-40B7-9061-4AA11BFDF095} = {0FA9A060-1BC8-4F03-8C14-A9A5223CE12A}
		{5E88B144-F434-4FD5-B57F-DAC8A19FAF59} = {5F20C8A9-9359-43FD-8FFD-45D04E94AA06}
		{D2BC10E8-6805-4944-B7E2-401B59758F0C} = {05149DE7-F7B6-4C3F-973C-10DA9428A3B6}
		{BB6FE2A7-2F85-47EB-BEA8-AEBEEFD0D4BE} = {132F8040-115E-418B-879E-387737453076}
		{C22C745B-1538-405F-A9CE-29576C708B9E} = {782AD59F-1930-45F7-9DA1-26742B2F0AA4}
		{C4E38812-95D9-4363-AAE8-D8505E9E141F} = {782AD59F-1930-45F7-9DA1-26742B2F0AA4}
		{96D3FCF8-C8D7-4FD1-88E8-D112B2494F21} = {782AD59F-1930-45F7-9DA1-26742B2F0AA4}
		{5E856ABC-68B4-4B02-9EB2-B0EB328F66DF} = {05149DE7-F7B6-4C3F-973C-10DA9428A3B6}
		{390C1851-2253-443C-B6A2-3BEF184B6D25} = {0FA9A060-1BC8-4F03-8C14-A9A5223CE12A}
	EndGlobalSection
	GlobalSection(ExtensibilityGlobals) = postSolution
		SolutionGuid = {43708397-463B-4C94-ABA2-B7C9581E9705}
	EndGlobalSection
EndGlobal
