
Microsoft Visual Studio Solution File, Format Version 12.00
# Visual Studio 15
VisualStudioVersion = 15.0.27130.0
MinimumVisualStudioVersion = 10.0.40219.1
Project("{2150E333-8FDC-42A3-9474-1A3956D46DE8}") = "1 - Apresentacao", "1 - Apresentacao", "{0FA9A060-1BC8-4F03-8C14-A9A5223CE12A}"
EndProject
Project("{FAE04EC0-301F-11D3-BF4B-00C04F79EFBC}") = "MORM.Apresentacao", "MORM.Apresentacao\MORM.Apresentacao.csproj", "{A63D5A1F-AF1F-40B7-9061-4AA11BFDF095}"
EndProject
Project("{FAE04EC0-301F-11D3-BF4B-00C04F79EFBC}") = "MORM.Apresentacao.Report", "MORM.Apresentacao.Report\MORM.Apresentacao.Report.csproj", "{97002E61-600E-4504-A801-2614857733C7}"
EndProject
Project("{FAE04EC0-301F-11D3-BF4B-00C04F79EFBC}") = "MORM.Apresentacao.WSist", "MORM.Apresentacao.WSist\MORM.Apresentacao.WSist.csproj", "{390C1851-2253-443C-B6A2-3BEF184B6D25}"
EndProject
Project("{2150E333-8FDC-42A3-9474-1A3956D46DE8}") = "2 - Aplicacao", "2 - Aplicacao", "{05149DE7-F7B6-4C3F-973C-10DA9428A3B6}"
EndProject
Project("{FAE04EC0-301F-11D3-BF4B-00C04F79EFBC}") = "MORM.Aplicacao", "MORM.Aplicacao\MORM.Aplicacao.csproj", "{8BCCB1D4-BD25-4586-9F95-38C2BDBC93EF}"
EndProject
Project("{FAE04EC0-301F-11D3-BF4B-00C04F79EFBC}") = "MORM.Aplicacao.Doc", "MORM.Aplicacao.Doc\MORM.Aplicacao.Doc.csproj", "{3322602D-6E07-4F3E-8719-70BE266BE33E}"
EndProject
Project("{FAE04EC0-301F-11D3-BF4B-00C04F79EFBC}") = "MORM.Aplicacao.RunWebApi", "MORM.Aplicacao.RunWebApi\MORM.Aplicacao.RunWebApi.csproj", "{5E856ABC-68B4-4B02-9EB2-B0EB328F66DF}"
EndProject
Project("{FAE04EC0-301F-11D3-BF4B-00C04F79EFBC}") = "MORM.Aplicacao.WebApi", "MORM.Aplicacao.WebApi\MORM.Aplicacao.WebApi.csproj", "{D2BC10E8-6805-4944-B7E2-401B59758F0C}"
EndProject
Project("{2150E333-8FDC-42A3-9474-1A3956D46DE8}") = "3 - Servico", "3 - Servico", "{132F8040-115E-418B-879E-387737453076}"
EndProject
Project("{FAE04EC0-301F-11D3-BF4B-00C04F79EFBC}") = "MORM.Servico", "MORM.Servico\MORM.Servico.csproj", "{BB6FE2A7-2F85-47EB-BEA8-AEBEEFD0D4BE}"
EndProject
Project("{2150E333-8FDC-42A3-9474-1A3956D46DE8}") = "4 - Infra", "4 - Infra", "{5F20C8A9-9359-43FD-8FFD-45D04E94AA06}"
EndProject
Project("{FAE04EC0-301F-11D3-BF4B-00C04F79EFBC}") = "MORM.Infra.CrossCutting", "MORM.Infra.CrossCutting\MORM.Infra.CrossCutting.csproj", "{346BED24-2DD1-4E58-939A-D72311C257F9}"
EndProject
Project("{FAE04EC0-301F-11D3-BF4B-00C04F79EFBC}") = "MORM.Infra.Data", "MORM.Infra.Data\MORM.Infra.Data.csproj", "{065554C3-207F-47D8-97C1-1AC5202ECB22}"
EndProject
Project("{FAE04EC0-301F-11D3-BF4B-00C04F79EFBC}") = "MORM.Infra.Data.Dapper", "MORM.Infra.Data.Dapper\MORM.Infra.Data.Dapper.csproj", "{5E88B144-F434-4FD5-B57F-DAC8A19FAF59}"
EndProject
Project("{FAE04EC0-301F-11D3-BF4B-00C04F79EFBC}") = "MORM.Infra.Data.Tests", "MORM.Infra.Data.Tests\MORM.Infra.Data.Tests.csproj", "{1D66CF44-F21A-4FAB-9AA7-BB8CE1AC884F}"
EndProject
Project("{FAE04EC0-301F-11D3-BF4B-00C04F79EFBC}") = "MORM.Infra.Database", "MORM.Infra.Database\MORM.Infra.Database.csproj", "{DCB5615E-B518-4115-97CA-FE5A61224B8A}"
EndProject
Project("{FAE04EC0-301F-11D3-BF4B-00C04F79EFBC}") = "MORM.Infra.Database.Tests", "MORM.Infra.Database.Tests\MORM.Infra.Database.Tests.csproj", "{365B8F97-F28F-4362-A5FB-9773C83F04D0}"
EndProject
Project("{FAE04EC0-301F-11D3-BF4B-00C04F79EFBC}") = "MORM.Infra.Mocks", "MORM.Infra.Mocks\MORM.Infra.Mocks.csproj", "{06F96973-52FC-4135-959A-D17D2A1751CF}"
EndProject
Project("{2150E333-8FDC-42A3-9474-1A3956D46DE8}") = "5 - Dominio", "5 - Dominio", "{782AD59F-1930-45F7-9DA1-26742B2F0AA4}"
EndProject
Project("{FAE04EC0-301F-11D3-BF4B-00C04F79EFBC}") = "MORM.Dominio", "MORM.Dominio\MORM.Dominio.csproj", "{C22C745B-1538-405F-A9CE-29576C708B9E}"
EndProject
Project("{2150E333-8FDC-42A3-9474-1A3956D46DE8}") = "6 - Cross", "6 - Cross", "{70ACBCDA-2121-4FB8-B75F-6BB876CDD682}"
EndProject
Global
	GlobalSection(SolutionConfigurationPlatforms) = preSolution
		Debug|Any CPU = Debug|Any CPU
		Release|Any CPU = Release|Any CPU
	EndGlobalSection
	GlobalSection(ProjectConfigurationPlatforms) = postSolution
		{A63D5A1F-AF1F-40B7-9061-4AA11BFDF095}.Debug|Any CPU.ActiveCfg = Debug|Any CPU
		{A63D5A1F-AF1F-40B7-9061-4AA11BFDF095}.Debug|Any CPU.Build.0 = Debug|Any CPU
		{A63D5A1F-AF1F-40B7-9061-4AA11BFDF095}.Release|Any CPU.ActiveCfg = Release|Any CPU
		{A63D5A1F-AF1F-40B7-9061-4AA11BFDF095}.Release|Any CPU.Build.0 = Release|Any CPU
		{97002E61-600E-4504-A801-2614857733C7}.Debug|Any CPU.ActiveCfg = Debug|Any CPU
		{97002E61-600E-4504-A801-2614857733C7}.Debug|Any CPU.Build.0 = Debug|Any CPU
		{97002E61-600E-4504-A801-2614857733C7}.Release|Any CPU.ActiveCfg = Release|Any CPU
		{97002E61-600E-4504-A801-2614857733C7}.Release|Any CPU.Build.0 = Release|Any CPU
		{390C1851-2253-443C-B6A2-3BEF184B6D25}.Debug|Any CPU.ActiveCfg = Debug|Any CPU
		{390C1851-2253-443C-B6A2-3BEF184B6D25}.Debug|Any CPU.Build.0 = Debug|Any CPU
		{390C1851-2253-443C-B6A2-3BEF184B6D25}.Release|Any CPU.ActiveCfg = Release|Any CPU
		{390C1851-2253-443C-B6A2-3BEF184B6D25}.Release|Any CPU.Build.0 = Release|Any CPU
		{8BCCB1D4-BD25-4586-9F95-38C2BDBC93EF}.Debug|Any CPU.ActiveCfg = Debug|Any CPU
		{8BCCB1D4-BD25-4586-9F95-38C2BDBC93EF}.Debug|Any CPU.Build.0 = Debug|Any CPU
		{8BCCB1D4-BD25-4586-9F95-38C2BDBC93EF}.Release|Any CPU.ActiveCfg = Release|Any CPU
		{8BCCB1D4-BD25-4586-9F95-38C2BDBC93EF}.Release|Any CPU.Build.0 = Release|Any CPU
		{3322602D-6E07-4F3E-8719-70BE266BE33E}.Debug|Any CPU.ActiveCfg = Debug|Any CPU
		{3322602D-6E07-4F3E-8719-70BE266BE33E}.Debug|Any CPU.Build.0 = Debug|Any CPU
		{3322602D-6E07-4F3E-8719-70BE266BE33E}.Release|Any CPU.ActiveCfg = Release|Any CPU
		{3322602D-6E07-4F3E-8719-70BE266BE33E}.Release|Any CPU.Build.0 = Release|Any CPU
		{5E856ABC-68B4-4B02-9EB2-B0EB328F66DF}.Debug|Any CPU.ActiveCfg = Debug|Any CPU
		{5E856ABC-68B4-4B02-9EB2-B0EB328F66DF}.Debug|Any CPU.Build.0 = Debug|Any CPU
		{5E856ABC-68B4-4B02-9EB2-B0EB328F66DF}.Release|Any CPU.ActiveCfg = Release|Any CPU
		{5E856ABC-68B4-4B02-9EB2-B0EB328F66DF}.Release|Any CPU.Build.0 = Release|Any CPU
		{D2BC10E8-6805-4944-B7E2-401B59758F0C}.Debug|Any CPU.ActiveCfg = Debug|Any CPU
		{D2BC10E8-6805-4944-B7E2-401B59758F0C}.Debug|Any CPU.Build.0 = Debug|Any CPU
		{D2BC10E8-6805-4944-B7E2-401B59758F0C}.Release|Any CPU.ActiveCfg = Release|Any CPU
		{D2BC10E8-6805-4944-B7E2-401B59758F0C}.Release|Any CPU.Build.0 = Release|Any CPU
		{BB6FE2A7-2F85-47EB-BEA8-AEBEEFD0D4BE}.Debug|Any CPU.ActiveCfg = Debug|Any CPU
		{BB6FE2A7-2F85-47EB-BEA8-AEBEEFD0D4BE}.Debug|Any CPU.Build.0 = Debug|Any CPU
		{BB6FE2A7-2F85-47EB-BEA8-AEBEEFD0D4BE}.Release|Any CPU.ActiveCfg = Release|Any CPU
		{BB6FE2A7-2F85-47EB-BEA8-AEBEEFD0D4BE}.Release|Any CPU.Build.0 = Release|Any CPU
		{346BED24-2DD1-4E58-939A-D72311C257F9}.Debug|Any CPU.ActiveCfg = Debug|Any CPU
		{346BED24-2DD1-4E58-939A-D72311C257F9}.Debug|Any CPU.Build.0 = Debug|Any CPU
		{346BED24-2DD1-4E58-939A-D72311C257F9}.Release|Any CPU.ActiveCfg = Release|Any CPU
		{346BED24-2DD1-4E58-939A-D72311C257F9}.Release|Any CPU.Build.0 = Release|Any CPU
		{065554C3-207F-47D8-97C1-1AC5202ECB22}.Debug|Any CPU.ActiveCfg = Debug|Any CPU
		{065554C3-207F-47D8-97C1-1AC5202ECB22}.Debug|Any CPU.Build.0 = Debug|Any CPU
		{065554C3-207F-47D8-97C1-1AC5202ECB22}.Release|Any CPU.ActiveCfg = Release|Any CPU
		{065554C3-207F-47D8-97C1-1AC5202ECB22}.Release|Any CPU.Build.0 = Release|Any CPU
		{5E88B144-F434-4FD5-B57F-DAC8A19FAF59}.Debug|Any CPU.ActiveCfg = Debug|Any CPU
		{5E88B144-F434-4FD5-B57F-DAC8A19FAF59}.Debug|Any CPU.Build.0 = Debug|Any CPU
		{5E88B144-F434-4FD5-B57F-DAC8A19FAF59}.Release|Any CPU.ActiveCfg = Release|Any CPU
		{5E88B144-F434-4FD5-B57F-DAC8A19FAF59}.Release|Any CPU.Build.0 = Release|Any CPU
		{1D66CF44-F21A-4FAB-9AA7-BB8CE1AC884F}.Debug|Any CPU.ActiveCfg = Debug|Any CPU
		{1D66CF44-F21A-4FAB-9AA7-BB8CE1AC884F}.Debug|Any CPU.Build.0 = Debug|Any CPU
		{1D66CF44-F21A-4FAB-9AA7-BB8CE1AC884F}.Release|Any CPU.ActiveCfg = Release|Any CPU
		{1D66CF44-F21A-4FAB-9AA7-BB8CE1AC884F}.Release|Any CPU.Build.0 = Release|Any CPU
		{DCB5615E-B518-4115-97CA-FE5A61224B8A}.Debug|Any CPU.ActiveCfg = Debug|Any CPU
		{DCB5615E-B518-4115-97CA-FE5A61224B8A}.Debug|Any CPU.Build.0 = Debug|Any CPU
		{DCB5615E-B518-4115-97CA-FE5A61224B8A}.Release|Any CPU.ActiveCfg = Release|Any CPU
		{DCB5615E-B518-4115-97CA-FE5A61224B8A}.Release|Any CPU.Build.0 = Release|Any CPU
		{365B8F97-F28F-4362-A5FB-9773C83F04D0}.Debug|Any CPU.ActiveCfg = Debug|Any CPU
		{365B8F97-F28F-4362-A5FB-9773C83F04D0}.Debug|Any CPU.Build.0 = Debug|Any CPU
		{365B8F97-F28F-4362-A5FB-9773C83F04D0}.Release|Any CPU.ActiveCfg = Release|Any CPU
		{365B8F97-F28F-4362-A5FB-9773C83F04D0}.Release|Any CPU.Build.0 = Release|Any CPU
		{06F96973-52FC-4135-959A-D17D2A1751CF}.Debug|Any CPU.ActiveCfg = Debug|Any CPU
		{06F96973-52FC-4135-959A-D17D2A1751CF}.Debug|Any CPU.Build.0 = Debug|Any CPU
		{06F96973-52FC-4135-959A-D17D2A1751CF}.Release|Any CPU.ActiveCfg = Release|Any CPU
		{06F96973-52FC-4135-959A-D17D2A1751CF}.Release|Any CPU.Build.0 = Release|Any CPU
		{C22C745B-1538-405F-A9CE-29576C708B9E}.Debug|Any CPU.ActiveCfg = Debug|Any CPU
		{C22C745B-1538-405F-A9CE-29576C708B9E}.Debug|Any CPU.Build.0 = Debug|Any CPU
		{C22C745B-1538-405F-A9CE-29576C708B9E}.Release|Any CPU.ActiveCfg = Release|Any CPU
		{C22C745B-1538-405F-A9CE-29576C708B9E}.Release|Any CPU.Build.0 = Release|Any CPU
	EndGlobalSection
	GlobalSection(SolutionProperties) = preSolution
		HideSolutionNode = FALSE
	EndGlobalSection
	GlobalSection(NestedProjects) = preSolution
		{A63D5A1F-AF1F-40B7-9061-4AA11BFDF095} = {0FA9A060-1BC8-4F03-8C14-A9A5223CE12A}
		{97002E61-600E-4504-A801-2614857733C7} = {0FA9A060-1BC8-4F03-8C14-A9A5223CE12A}
		{390C1851-2253-443C-B6A2-3BEF184B6D25} = {0FA9A060-1BC8-4F03-8C14-A9A5223CE12A}
		{8BCCB1D4-BD25-4586-9F95-38C2BDBC93EF} = {05149DE7-F7B6-4C3F-973C-10DA9428A3B6}
		{3322602D-6E07-4F3E-8719-70BE266BE33E} = {05149DE7-F7B6-4C3F-973C-10DA9428A3B6}
		{5E856ABC-68B4-4B02-9EB2-B0EB328F66DF} = {05149DE7-F7B6-4C3F-973C-10DA9428A3B6}
		{D2BC10E8-6805-4944-B7E2-401B59758F0C} = {05149DE7-F7B6-4C3F-973C-10DA9428A3B6}
		{BB6FE2A7-2F85-47EB-BEA8-AEBEEFD0D4BE} = {132F8040-115E-418B-879E-387737453076}
		{346BED24-2DD1-4E58-939A-D72311C257F9} = {70ACBCDA-2121-4FB8-B75F-6BB876CDD682}
		{065554C3-207F-47D8-97C1-1AC5202ECB22} = {5F20C8A9-9359-43FD-8FFD-45D04E94AA06}
		{5E88B144-F434-4FD5-B57F-DAC8A19FAF59} = {5F20C8A9-9359-43FD-8FFD-45D04E94AA06}
		{1D66CF44-F21A-4FAB-9AA7-BB8CE1AC884F} = {5F20C8A9-9359-43FD-8FFD-45D04E94AA06}
		{DCB5615E-B518-4115-97CA-FE5A61224B8A} = {5F20C8A9-9359-43FD-8FFD-45D04E94AA06}
		{365B8F97-F28F-4362-A5FB-9773C83F04D0} = {5F20C8A9-9359-43FD-8FFD-45D04E94AA06}
		{06F96973-52FC-4135-959A-D17D2A1751CF} = {5F20C8A9-9359-43FD-8FFD-45D04E94AA06}
		{C22C745B-1538-405F-A9CE-29576C708B9E} = {782AD59F-1930-45F7-9DA1-26742B2F0AA4}
	EndGlobalSection
	GlobalSection(ExtensibilityGlobals) = postSolution
		SolutionGuid = {43708397-463B-4C94-ABA2-B7C9581E9705}
	EndGlobalSection
EndGlobal
