
Microsoft Visual Studio Solution File, Format Version 12.00
# Visual Studio 15
VisualStudioVersion = 15.0.27130.0
MinimumVisualStudioVersion = 10.0.40219.1
Project("{FAE04EC0-301F-11D3-BF4B-00C04F79EFBC}") = "MORM.Repositorio", "MORM.Repositorio\MORM.Repositorio.csproj", "{065554C3-207F-47D8-97C1-1AC5202ECB22}"
EndProject
Project("{FAE04EC0-301F-11D3-BF4B-00C04F79EFBC}") = "MORM.Utilidade", "MORM.Utilidade\MORM.Utilidade.csproj", "{346BED24-2DD1-4E58-939A-D72311C257F9}"
EndProject
Project("{FAE04EC0-301F-11D3-BF4B-00C04F79EFBC}") = "MORM.Repositorio.Tests", "MORM.Repositorio.Tests\MORM.Repositorio.Tests.csproj", "{1D66CF44-F21A-4FAB-9AA7-BB8CE1AC884F}"
EndProject
Project("{FAE04EC0-301F-11D3-BF4B-00C04F79EFBC}") = "MORM.Repositorio.Oracle", "MORM.Repositorio.Oracle\MORM.Repositorio.Oracle.csproj", "{10FE132F-BD5C-493E-8F47-5A1D27B2BDE9}"
EndProject
Project("{FAE04EC0-301F-11D3-BF4B-00C04F79EFBC}") = "MORM.Repositorio.Firebird", "MORM.Repositorio.Firebird\MORM.Repositorio.Firebird.csproj", "{BAE2603C-79CB-4631-B069-0D3FE5E0BD16}"
EndProject
Project("{FAE04EC0-301F-11D3-BF4B-00C04F79EFBC}") = "MORM.Repositorio.MySql", "MORM.Repositorio.MySql\MORM.Repositorio.MySql.csproj", "{FBBDC5F2-8FE4-4DDD-BBE0-64C12CB0A3EE}"
EndProject
Project("{FAE04EC0-301F-11D3-BF4B-00C04F79EFBC}") = "MORM.Repositorio.SqLite", "MORM.Repositorio.SqLite\MORM.Repositorio.SqLite.csproj", "{0342CF32-A2FC-4E32-A198-1960CB4F50BF}"
EndProject
Project("{FAE04EC0-301F-11D3-BF4B-00C04F79EFBC}") = "MORM.Repositorio.SqlServer", "MORM.Repositorio.SqlServer\MORM.Repositorio.SqlServer.csproj", "{4D61F5A5-53DC-4053-B980-47CF765101DC}"
EndProject
Project("{FAE04EC0-301F-11D3-BF4B-00C04F79EFBC}") = "MORM.Aplicacao", "MORM.Aplicacao\MORM.Aplicacao.csproj", "{46BFB76E-FD5D-4BEC-B486-01C6190CC5A9}"
EndProject
Project("{2150E333-8FDC-42A3-9474-1A3956D46DE8}") = "2 - Database", "2 - Database", "{A14ACFA8-E988-4F7C-B677-61B92CBEAE35}"
EndProject
Project("{2150E333-8FDC-42A3-9474-1A3956D46DE8}") = "3 - Tests", "3 - Tests", "{DCB0420D-F327-4C25-BACB-636F9BACEEF3}"
EndProject
Project("{2150E333-8FDC-42A3-9474-1A3956D46DE8}") = "1 - Aplicacao", "1 - Aplicacao", "{05149DE7-F7B6-4C3F-973C-10DA9428A3B6}"
EndProject
Project("{2150E333-8FDC-42A3-9474-1A3956D46DE8}") = "4 - Docs", "4 - Docs", "{F5E88E2B-A22C-4114-9532-DC42CDA2D29B}"
EndProject
Project("{FAE04EC0-301F-11D3-BF4B-00C04F79EFBC}") = "MORM.GeradorDoc", "MORM.GeradorDoc\MORM.GeradorDoc.csproj", "{3322602D-6E07-4F3E-8719-70BE266BE33E}"
EndProject
Project("{FAE04EC0-301F-11D3-BF4B-00C04F79EFBC}") = "MORM.Repositorio.PostgreSql", "MORM.Repositorio.PostgreSql\MORM.Repositorio.PostgreSql.csproj", "{3B10E962-2F22-4944-99A5-C824955840C8}"
EndProject
Project("{FAE04EC0-301F-11D3-BF4B-00C04F79EFBC}") = "MORM.Apresentacao", "MORM.Apresentacao\MORM.Apresentacao.csproj", "{A63D5A1F-AF1F-40B7-9061-4AA11BFDF095}"
EndProject
Project("{FAE04EC0-301F-11D3-BF4B-00C04F79EFBC}") = "MORM.Repositorio.Dapper", "MORM.Repositorio.Dapper\MORM.Repositorio.Dapper.csproj", "{5E88B144-F434-4FD5-B57F-DAC8A19FAF59}"
EndProject
Project("{FAE04EC0-301F-11D3-BF4B-00C04F79EFBC}") = "MORM.Ioc", "MORM.IoC\MORM.Ioc.csproj", "{83CC54B1-B32F-4B62-82C9-BA9C4C8CCBA2}"
EndProject
Global
	GlobalSection(SolutionConfigurationPlatforms) = preSolution
		Debug|Any CPU = Debug|Any CPU
		Release|Any CPU = Release|Any CPU
	EndGlobalSection
	GlobalSection(ProjectConfigurationPlatforms) = postSolution
		{065554C3-207F-47D8-97C1-1AC5202ECB22}.Debug|Any CPU.ActiveCfg = Debug|Any CPU
		{065554C3-207F-47D8-97C1-1AC5202ECB22}.Debug|Any CPU.Build.0 = Debug|Any CPU
		{065554C3-207F-47D8-97C1-1AC5202ECB22}.Release|Any CPU.ActiveCfg = Release|Any CPU
		{065554C3-207F-47D8-97C1-1AC5202ECB22}.Release|Any CPU.Build.0 = Release|Any CPU
		{346BED24-2DD1-4E58-939A-D72311C257F9}.Debug|Any CPU.ActiveCfg = Debug|Any CPU
		{346BED24-2DD1-4E58-939A-D72311C257F9}.Debug|Any CPU.Build.0 = Debug|Any CPU
		{346BED24-2DD1-4E58-939A-D72311C257F9}.Release|Any CPU.ActiveCfg = Release|Any CPU
		{346BED24-2DD1-4E58-939A-D72311C257F9}.Release|Any CPU.Build.0 = Release|Any CPU
		{1D66CF44-F21A-4FAB-9AA7-BB8CE1AC884F}.Debug|Any CPU.ActiveCfg = Debug|Any CPU
		{1D66CF44-F21A-4FAB-9AA7-BB8CE1AC884F}.Debug|Any CPU.Build.0 = Debug|Any CPU
		{1D66CF44-F21A-4FAB-9AA7-BB8CE1AC884F}.Release|Any CPU.ActiveCfg = Release|Any CPU
		{1D66CF44-F21A-4FAB-9AA7-BB8CE1AC884F}.Release|Any CPU.Build.0 = Release|Any CPU
		{10FE132F-BD5C-493E-8F47-5A1D27B2BDE9}.Debug|Any CPU.ActiveCfg = Debug|Any CPU
		{10FE132F-BD5C-493E-8F47-5A1D27B2BDE9}.Debug|Any CPU.Build.0 = Debug|Any CPU
		{10FE132F-BD5C-493E-8F47-5A1D27B2BDE9}.Release|Any CPU.ActiveCfg = Release|Any CPU
		{10FE132F-BD5C-493E-8F47-5A1D27B2BDE9}.Release|Any CPU.Build.0 = Release|Any CPU
		{BAE2603C-79CB-4631-B069-0D3FE5E0BD16}.Debug|Any CPU.ActiveCfg = Debug|Any CPU
		{BAE2603C-79CB-4631-B069-0D3FE5E0BD16}.Debug|Any CPU.Build.0 = Debug|Any CPU
		{BAE2603C-79CB-4631-B069-0D3FE5E0BD16}.Release|Any CPU.ActiveCfg = Release|Any CPU
		{BAE2603C-79CB-4631-B069-0D3FE5E0BD16}.Release|Any CPU.Build.0 = Release|Any CPU
		{FBBDC5F2-8FE4-4DDD-BBE0-64C12CB0A3EE}.Debug|Any CPU.ActiveCfg = Debug|Any CPU
		{FBBDC5F2-8FE4-4DDD-BBE0-64C12CB0A3EE}.Debug|Any CPU.Build.0 = Debug|Any CPU
		{FBBDC5F2-8FE4-4DDD-BBE0-64C12CB0A3EE}.Release|Any CPU.ActiveCfg = Release|Any CPU
		{FBBDC5F2-8FE4-4DDD-BBE0-64C12CB0A3EE}.Release|Any CPU.Build.0 = Release|Any CPU
		{0342CF32-A2FC-4E32-A198-1960CB4F50BF}.Debug|Any CPU.ActiveCfg = Debug|Any CPU
		{0342CF32-A2FC-4E32-A198-1960CB4F50BF}.Debug|Any CPU.Build.0 = Debug|Any CPU
		{0342CF32-A2FC-4E32-A198-1960CB4F50BF}.Release|Any CPU.ActiveCfg = Release|Any CPU
		{0342CF32-A2FC-4E32-A198-1960CB4F50BF}.Release|Any CPU.Build.0 = Release|Any CPU
		{4D61F5A5-53DC-4053-B980-47CF765101DC}.Debug|Any CPU.ActiveCfg = Debug|Any CPU
		{4D61F5A5-53DC-4053-B980-47CF765101DC}.Debug|Any CPU.Build.0 = Debug|Any CPU
		{4D61F5A5-53DC-4053-B980-47CF765101DC}.Release|Any CPU.ActiveCfg = Release|Any CPU
		{4D61F5A5-53DC-4053-B980-47CF765101DC}.Release|Any CPU.Build.0 = Release|Any CPU
		{46BFB76E-FD5D-4BEC-B486-01C6190CC5A9}.Debug|Any CPU.ActiveCfg = Debug|Any CPU
		{46BFB76E-FD5D-4BEC-B486-01C6190CC5A9}.Debug|Any CPU.Build.0 = Debug|Any CPU
		{46BFB76E-FD5D-4BEC-B486-01C6190CC5A9}.Release|Any CPU.ActiveCfg = Release|Any CPU
		{46BFB76E-FD5D-4BEC-B486-01C6190CC5A9}.Release|Any CPU.Build.0 = Release|Any CPU
		{3322602D-6E07-4F3E-8719-70BE266BE33E}.Debug|Any CPU.ActiveCfg = Debug|Any CPU
		{3322602D-6E07-4F3E-8719-70BE266BE33E}.Debug|Any CPU.Build.0 = Debug|Any CPU
		{3322602D-6E07-4F3E-8719-70BE266BE33E}.Release|Any CPU.ActiveCfg = Release|Any CPU
		{3322602D-6E07-4F3E-8719-70BE266BE33E}.Release|Any CPU.Build.0 = Release|Any CPU
		{3B10E962-2F22-4944-99A5-C824955840C8}.Debug|Any CPU.ActiveCfg = Debug|Any CPU
		{3B10E962-2F22-4944-99A5-C824955840C8}.Debug|Any CPU.Build.0 = Debug|Any CPU
		{3B10E962-2F22-4944-99A5-C824955840C8}.Release|Any CPU.ActiveCfg = Release|Any CPU
		{3B10E962-2F22-4944-99A5-C824955840C8}.Release|Any CPU.Build.0 = Release|Any CPU
		{A63D5A1F-AF1F-40B7-9061-4AA11BFDF095}.Debug|Any CPU.ActiveCfg = Debug|Any CPU
		{A63D5A1F-AF1F-40B7-9061-4AA11BFDF095}.Debug|Any CPU.Build.0 = Debug|Any CPU
		{A63D5A1F-AF1F-40B7-9061-4AA11BFDF095}.Release|Any CPU.ActiveCfg = Release|Any CPU
		{A63D5A1F-AF1F-40B7-9061-4AA11BFDF095}.Release|Any CPU.Build.0 = Release|Any CPU
		{5E88B144-F434-4FD5-B57F-DAC8A19FAF59}.Debug|Any CPU.ActiveCfg = Debug|Any CPU
		{5E88B144-F434-4FD5-B57F-DAC8A19FAF59}.Debug|Any CPU.Build.0 = Debug|Any CPU
		{5E88B144-F434-4FD5-B57F-DAC8A19FAF59}.Release|Any CPU.ActiveCfg = Release|Any CPU
		{5E88B144-F434-4FD5-B57F-DAC8A19FAF59}.Release|Any CPU.Build.0 = Release|Any CPU
		{83CC54B1-B32F-4B62-82C9-BA9C4C8CCBA2}.Debug|Any CPU.ActiveCfg = Debug|Any CPU
		{83CC54B1-B32F-4B62-82C9-BA9C4C8CCBA2}.Debug|Any CPU.Build.0 = Debug|Any CPU
		{83CC54B1-B32F-4B62-82C9-BA9C4C8CCBA2}.Release|Any CPU.ActiveCfg = Release|Any CPU
		{83CC54B1-B32F-4B62-82C9-BA9C4C8CCBA2}.Release|Any CPU.Build.0 = Release|Any CPU
	EndGlobalSection
	GlobalSection(SolutionProperties) = preSolution
		HideSolutionNode = FALSE
	EndGlobalSection
	GlobalSection(NestedProjects) = preSolution
		{1D66CF44-F21A-4FAB-9AA7-BB8CE1AC884F} = {DCB0420D-F327-4C25-BACB-636F9BACEEF3}
		{10FE132F-BD5C-493E-8F47-5A1D27B2BDE9} = {A14ACFA8-E988-4F7C-B677-61B92CBEAE35}
		{BAE2603C-79CB-4631-B069-0D3FE5E0BD16} = {A14ACFA8-E988-4F7C-B677-61B92CBEAE35}
		{FBBDC5F2-8FE4-4DDD-BBE0-64C12CB0A3EE} = {A14ACFA8-E988-4F7C-B677-61B92CBEAE35}
		{0342CF32-A2FC-4E32-A198-1960CB4F50BF} = {A14ACFA8-E988-4F7C-B677-61B92CBEAE35}
		{4D61F5A5-53DC-4053-B980-47CF765101DC} = {A14ACFA8-E988-4F7C-B677-61B92CBEAE35}
		{46BFB76E-FD5D-4BEC-B486-01C6190CC5A9} = {05149DE7-F7B6-4C3F-973C-10DA9428A3B6}
		{3322602D-6E07-4F3E-8719-70BE266BE33E} = {F5E88E2B-A22C-4114-9532-DC42CDA2D29B}
		{3B10E962-2F22-4944-99A5-C824955840C8} = {A14ACFA8-E988-4F7C-B677-61B92CBEAE35}
		{A63D5A1F-AF1F-40B7-9061-4AA11BFDF095} = {05149DE7-F7B6-4C3F-973C-10DA9428A3B6}
		{83CC54B1-B32F-4B62-82C9-BA9C4C8CCBA2} = {05149DE7-F7B6-4C3F-973C-10DA9428A3B6}
	EndGlobalSection
	GlobalSection(ExtensibilityGlobals) = postSolution
		SolutionGuid = {43708397-463B-4C94-ABA2-B7C9581E9705}
	EndGlobalSection
EndGlobal
